<?xml version="1.0" encoding="UTF-8" standalone="yes" ?>
<CodeBlocks_project_file>
	<FileVersion major="1" minor="6" />
	<Project>
		<Option title="SSD1306" />
		<Option pch_mode="2" />
		<Option compiler="arm-elf-gcc" />
		<Build>
			<Target title="Compile">
				<Option output="build/bin/$(TARGET_NAME)/$(PROJECT_NAME).elf" prefix_auto="0" extension_auto="0" />
				<Option working_dir="" />
				<Option object_output="build/obj/$(TARGET_NAME)/" />
				<Option type="5" />
				<Option compiler="arm-elf-gcc" />
				<Compiler>
					<Add option="-mthumb" />
					<Add option="-Os" />
					<Add option="-g" />
				</Compiler>
				<Linker>
					<Add option="-O0" />
					<Add option='-Wl,-Map,&quot;build/bin/$(TARGET_NAME)/Map.map&quot;' />
				</Linker>
				<ExtraCommands>
					<Add after="arm-none-eabi-size build/bin/$(TARGET_NAME)/$(PROJECT_NAME).elf" />
				</ExtraCommands>
			</Target>
			<Target title="Debug-Linux">
				<Option output="build/bin/$(TARGET_NAME)/$(PROJECT_NAME).elf" prefix_auto="0" extension_auto="0" />
				<Option working_dir="" />
				<Option object_output="build/obj/$(TARGET_NAME)/" />
				<Option type="5" />
				<Option compiler="arm-elf-gcc" />
				<Compiler>
					<Add option="-mthumb" />
					<Add option="-Os" />
					<Add option="-g" />
				</Compiler>
				<Linker>
					<Add option="-Og" />
					<Add option="-g3" />
					<Add option='-Wl,-Map,&quot;build/bin/$(TARGET_NAME)/Map.map&quot;' />
				</Linker>
				<ExtraCommands>
					<Add after="arm-none-eabi-size build/bin/$(TARGET_NAME)/$(PROJECT_NAME).elf" />
					<Add after="arm-none-eabi-objcopy -O srec build/bin/$(TARGET_NAME)/$(PROJECT_NAME).elf  build/bin/$(TARGET_NAME)/$(PROJECT_NAME).srec" />
					<Add after="/usr/bin/UsbdmFlashProgrammer -vdd=3V3 -device=MK22FN512M12 -erase=All -program build/bin/$(TARGET_NAME)/$(PROJECT_NAME).srec -execute" />
					<Mode after="always" />
				</ExtraCommands>
			</Target>
			<Target title="Release-Linux">
				<Option output="build/bin/$(TARGET_NAME)/$(PROJECT_NAME).elf" prefix_auto="0" extension_auto="0" />
				<Option working_dir="" />
				<Option object_output="build/obj/$(TARGET_NAME)/" />
				<Option type="5" />
				<Option compiler="arm-elf-gcc" />
				<Compiler>
					<Add option="-mthumb" />
					<Add option="-Os" />
					<Add option="-O2" />
					<Add option="-Wall" />
				</Compiler>
				<Linker>
					<Add option="-s" />
					<Add option="-Os" />
					<Add option="-MF build/obj/$(TARGET_NAME)/" />
					<Add option='-Wl,-Map,&quot;build/bin/$(TARGET_NAME)/Map.map&quot;' />
				</Linker>
				<ExtraCommands>
					<Add after="arm-none-eabi-size build/bin/$(TARGET_NAME)/$(PROJECT_NAME).elf" />
					<Add after="arm-none-eabi-objcopy -O srec build/bin/$(TARGET_NAME)/$(PROJECT_NAME).elf  build/bin/$(TARGET_NAME)/$(PROJECT_NAME).srec" />
					<Add after="/usr/bin/UsbdmFlashProgrammer -vdd=3V3 -device=MK22FN512M12 -erase=All -program build/bin/$(TARGET_NAME)/$(PROJECT_NAME).srec -execute" />
					<Mode after="always" />
				</ExtraCommands>
			</Target>
			<Target title="Debug-Win">
				<Option output="build/bin/$(TARGET_NAME)/$(PROJECT_NAME).elf" prefix_auto="0" extension_auto="0" />
				<Option working_dir="" />
				<Option object_output="build/obj/$(TARGET_NAME)/" />
				<Option type="5" />
				<Option compiler="arm-elf-gcc" />
				<Compiler>
					<Add option="-mthumb" />
					<Add option="-Os" />
					<Add option="-g" />
				</Compiler>
				<Linker>
					<Add option="-Og" />
					<Add option="-g3" />
					<Add option='-Wl,-Map,&quot;build/bin/$(TARGET_NAME)/Map.map&quot;' />
				</Linker>
				<ExtraCommands>
					<Add after="arm-none-eabi-size build/bin/$(TARGET_NAME)/$(PROJECT_NAME).elf" />
					<Add after="arm-none-eabi-objcopy -O srec build/bin/$(TARGET_NAME)/$(PROJECT_NAME).elf  build/bin/$(TARGET_NAME)/$(PROJECT_NAME).srec" />
					<Add after="src\startup\load\USBDM_ARM_FLASH.bat build/bin/$(TARGET_NAME)/$(PROJECT_NAME).srec MK22FN512M12" />
					<Mode after="always" />
				</ExtraCommands>
			</Target>
			<Target title="Release-Win">
				<Option output="build/bin/$(TARGET_NAME)/$(PROJECT_NAME).elf" prefix_auto="0" extension_auto="0" />
				<Option working_dir="" />
				<Option object_output="build/obj/$(TARGET_NAME)/" />
				<Option type="5" />
				<Option compiler="arm-elf-gcc" />
				<Compiler>
					<Add option="-mthumb" />
					<Add option="-Os" />
					<Add option="-O2" />
					<Add option="-Wall" />
				</Compiler>
				<Linker>
					<Add option="-s" />
					<Add option="-Os" />
					<Add option="-MF build/obj/$(TARGET_NAME)/" />
					<Add option='-Wl,-Map,&quot;build/bin/$(TARGET_NAME)/Map.map&quot;' />
				</Linker>
				<ExtraCommands>
					<Add after="arm-none-eabi-size build/bin/$(TARGET_NAME)/$(PROJECT_NAME).elf" />
					<Add after="arm-none-eabi-objcopy -O srec build/bin/$(TARGET_NAME)/$(PROJECT_NAME).elf  build/bin/$(TARGET_NAME)/$(PROJECT_NAME).srec" />
					<Add after="src\startup\load\USBDM_ARM_FLASH.bat build/bin/$(TARGET_NAME)/$(PROJECT_NAME).srec MK22FN512M12" />
					<Mode after="always" />
				</ExtraCommands>
			</Target>
		</Build>
		<Compiler>
			<Add option="-mthumb" />
			<Add option="-Os" />
			<Add option="-Wall" />
			<Add option="-mcpu=cortex-m4" />
			<Add option="-O0" />
			<Add option="-fmessage-length=0" />
			<Add option="-fsigned-char" />
			<Add option="-ffunction-sections" />
			<Add option="-fdata-sections" />
			<Add option="-g3" />
			<Add option="-std=c99" />
			<Add option="-MMD" />
			<Add option="-MP" />
			<Add option="-Wextra -Wall -Wno-unused-parameter -Wno-unused-function -Wno-unused-label -Wpointer-arith -Wformat -Wreturn-type -Wsign-compare -Wmultichar -Wformat-nonliteral -Winit-self -Wuninitialized -Wno-deprecated -Wformat-security -Werror" />
			<Add directory="src/startup/include/cmsis" />
			<Add directory="src/startup/include" />
		</Compiler>
		<Linker>
			<Add option="-mcpu=cortex-m4" />
			<Add option="-mthumb" />
			<Add option="-fmessage-length=0" />
			<Add option="-fsigned-char" />
			<Add option="-ffunction-sections" />
			<Add option="-fdata-sections" />
			<Add option='-T &quot;src/startup/load/MK22FN512xxx12_flash.ld&quot;' />
			<Add option="-Xlinker --gc-sections" />
			<Add option="-specs=nosys.specs" />
			<Add option="-lc" />
			<Add option="-Wextra -Wall -Wno-unused-parameter -Wno-unused-function -Wno-unused-label -Wpointer-arith -Wformat -Wreturn-type -Wsign-compare -Wmultichar -Wformat-nonliteral -Winit-self -Wuninitialized -Wno-deprecated -Wformat-security -Werror" />
		</Linker>
		<Unit filename="src/application/SSD1306.c">
			<Option compilerVar="CC" />
		</Unit>
		<Unit filename="src/application/SSD1306.h" />
		<Unit filename="src/application/font6x8.h" />
		<Unit filename="src/application/i2c.c">
			<Option compilerVar="CC" />
		</Unit>
		<Unit filename="src/application/i2c.h" />
		<Unit filename="src/application/main.c">
			<Option compilerVar="CC" />
		</Unit>
		<Unit filename="src/application/main.h" />
		<Unit filename="src/startup/include/MK22F51212.h" />
		<Unit filename="src/startup/include/MK22F51212_IBG.h" />
		<Unit filename="src/startup/include/system_MK22F51212.h" />
		<Unit filename="src/startup/src/startup_MK22F51212.S" />
		<Unit filename="src/startup/src/system_MK22F51212.c">
			<Option compilerVar="CC" />
		</Unit>
		<Extensions>
			<code_completion />
			<envvars />
			<debugger>
				<remote_debugging target="Debug">
					<options conn_type="0" serial_baud="115200" ip_address="localhost" ip_port="1234" additional_shell_cmds_before="target remote localhost:1234" />
				</remote_debugging>
				<remote_debugging target="Compile">
					<options conn_type="0" serial_baud="115200" ip_address="localhost" ip_port="1234" additional_shell_cmds_before="target remote localhost:1234" />
				</remote_debugging>
				<remote_debugging target="Release">
					<options conn_type="0" serial_baud="115200" ip_address="localhost" ip_port="1234" additional_shell_cmds_before="target remote localhost:1234" />
				</remote_debugging>
			</debugger>
			<lib_finder disable_auto="1" />
		</Extensions>
	</Project>
</CodeBlocks_project_file>
